
Microsoft Visual Studio Solution File, Format Version 12.00
# Visual Studio Version 16
VisualStudioVersion = 16.0.30907.101
MinimumVisualStudioVersion = 10.0.40219.1
Project("{9A19103F-16F7-4668-BE54-9A1E7A4F7556}") = "DataAccess", "DataAccess\DataAccess.csproj", "{1EE53346-FA17-4826-B882-C81C4FAE9606}"
EndProject
Project("{9A19103F-16F7-4668-BE54-9A1E7A4F7556}") = "Business", "Business\Business.csproj", "{662CD06C-DD3B-40AA-B7EC-4F472F707A3D}"
EndProject
Project("{9A19103F-16F7-4668-BE54-9A1E7A4F7556}") = "Entities", "Entities\Entities.csproj", "{39457615-4170-4602-A114-43698B2E3EA8}"
EndProject
Project("{9A19103F-16F7-4668-BE54-9A1E7A4F7556}") = "ConsoleUI", "ConsoleUI\ConsoleUI.csproj", "{1A86082C-74A8-494B-828C-FD502C53EC6E}"
EndProject
Project("{9A19103F-16F7-4668-BE54-9A1E7A4F7556}") = "Core", "Core\Core.csproj", "{92FD4A8B-4011-4930-96C7-FF653A363F6F}"
EndProject
Project("{FAE04EC0-301F-11D3-BF4B-00C04F79EFBC}") = "WebAPI", "WebAPI\WebAPI.csproj", "{36AAC3C5-7904-43D6-94C8-91FB4F7DDD59}"
EndProject
Global
	GlobalSection(SolutionConfigurationPlatforms) = preSolution
		Debug|Any CPU = Debug|Any CPU
		Release|Any CPU = Release|Any CPU
	EndGlobalSection
	GlobalSection(ProjectConfigurationPlatforms) = postSolution
		{1EE53346-FA17-4826-B882-C81C4FAE9606}.Debug|Any CPU.ActiveCfg = Debug|Any CPU
		{1EE53346-FA17-4826-B882-C81C4FAE9606}.Debug|Any CPU.Build.0 = Debug|Any CPU
		{1EE53346-FA17-4826-B882-C81C4FAE9606}.Release|Any CPU.ActiveCfg = Release|Any CPU
		{1EE53346-FA17-4826-B882-C81C4FAE9606}.Release|Any CPU.Build.0 = Release|Any CPU
		{662CD06C-DD3B-40AA-B7EC-4F472F707A3D}.Debug|Any CPU.ActiveCfg = Debug|Any CPU
		{662CD06C-DD3B-40AA-B7EC-4F472F707A3D}.Debug|Any CPU.Build.0 = Debug|Any CPU
		{662CD06C-DD3B-40AA-B7EC-4F472F707A3D}.Release|Any CPU.ActiveCfg = Release|Any CPU
		{662CD06C-DD3B-40AA-B7EC-4F472F707A3D}.Release|Any CPU.Build.0 = Release|Any CPU
		{39457615-4170-4602-A114-43698B2E3EA8}.Debug|Any CPU.ActiveCfg = Debug|Any CPU
		{39457615-4170-4602-A114-43698B2E3EA8}.Debug|Any CPU.Build.0 = Debug|Any CPU
		{39457615-4170-4602-A114-43698B2E3EA8}.Release|Any CPU.ActiveCfg = Release|Any CPU
		{39457615-4170-4602-A114-43698B2E3EA8}.Release|Any CPU.Build.0 = Release|Any CPU
		{1A86082C-74A8-494B-828C-FD502C53EC6E}.Debug|Any CPU.ActiveCfg = Debug|Any CPU
		{1A86082C-74A8-494B-828C-FD502C53EC6E}.Debug|Any CPU.Build.0 = Debug|Any CPU
		{1A86082C-74A8-494B-828C-FD502C53EC6E}.Release|Any CPU.ActiveCfg = Release|Any CPU
		{1A86082C-74A8-494B-828C-FD502C53EC6E}.Release|Any CPU.Build.0 = Release|Any CPU
		{92FD4A8B-4011-4930-96C7-FF653A363F6F}.Debug|Any CPU.ActiveCfg = Debug|Any CPU
		{92FD4A8B-4011-4930-96C7-FF653A363F6F}.Debug|Any CPU.Build.0 = Debug|Any CPU
		{92FD4A8B-4011-4930-96C7-FF653A363F6F}.Release|Any CPU.ActiveCfg = Release|Any CPU
		{92FD4A8B-4011-4930-96C7-FF653A363F6F}.Release|Any CPU.Build.0 = Release|Any CPU
		{36AAC3C5-7904-43D6-94C8-91FB4F7DDD59}.Debug|Any CPU.ActiveCfg = Debug|Any CPU
		{36AAC3C5-7904-43D6-94C8-91FB4F7DDD59}.Debug|Any CPU.Build.0 = Debug|Any CPU
		{36AAC3C5-7904-43D6-94C8-91FB4F7DDD59}.Release|Any CPU.ActiveCfg = Release|Any CPU
		{36AAC3C5-7904-43D6-94C8-91FB4F7DDD59}.Release|Any CPU.Build.0 = Release|Any CPU
	EndGlobalSection
	GlobalSection(SolutionProperties) = preSolution
		HideSolutionNode = FALSE
	EndGlobalSection
	GlobalSection(ExtensibilityGlobals) = postSolution
		SolutionGuid = {0A150C16-A30D-4FC5-9395-AAAE66A4E4D5}
	EndGlobalSection
EndGlobal
